
Microsoft Visual Studio Solution File, Format Version 12.00
# Visual Studio Version 16
VisualStudioVersion = 16.0.30104.148
MinimumVisualStudioVersion = 10.0.40219.1
Project("{FAE04EC0-301F-11D3-BF4B-00C04F79EFBC}") = "DiscoverKiller", "DiscoverKiller.csproj", "{3CF03F3D-332B-448B-B627-79ECC01252B6}"
EndProject
Global
	GlobalSection(SolutionConfigurationPlatforms) = preSolution
		Debug|Any CPU = Debug|Any CPU
		Release|Any CPU = Release|Any CPU
	EndGlobalSection
	GlobalSection(ProjectConfigurationPlatforms) = postSolution
		{3CF03F3D-332B-448B-B627-79ECC01252B6}.Debug|Any CPU.ActiveCfg = Debug|Any CPU
		{3CF03F3D-332B-448B-B627-79ECC01252B6}.Debug|Any CPU.Build.0 = Debug|Any CPU
		{3CF03F3D-332B-448B-B627-79ECC01252B6}.Release|Any CPU.ActiveCfg = Release|Any CPU
		{3CF03F3D-332B-448B-B627-79ECC01252B6}.Release|Any CPU.Build.0 = Release|Any CPU
	EndGlobalSection
	GlobalSection(SolutionProperties) = preSolution
		HideSolutionNode = FALSE
	EndGlobalSection
	GlobalSection(ExtensibilityGlobals) = postSolution
		SolutionGuid = {7F7D4DD0-97F9-4898-9FE7-F9AEB917A20B}
	EndGlobalSection
EndGlobal
